
Microsoft Visual Studio Solution File, Format Version 12.00
# Visual Studio 15
VisualStudioVersion = 15.0.28010.2046
MinimumVisualStudioVersion = 10.0.40219.1
Project("{FAE04EC0-301F-11D3-BF4B-00C04F79EFBC}") = "ConsoleApp1", "ConsoleApp1\ConsoleApp1.csproj", "{52BF85F7-F8EB-42A4-B62E-96F5D350CAE0}"
EndProject
Global
	GlobalSection(SolutionConfigurationPlatforms) = preSolution
		Debug|Any CPU = Debug|Any CPU
		Release|Any CPU = Release|Any CPU
	EndGlobalSection
	GlobalSection(ProjectConfigurationPlatforms) = postSolution
		{52BF85F7-F8EB-42A4-B62E-96F5D350CAE0}.Debug|Any CPU.ActiveCfg = Debug|Any CPU
		{52BF85F7-F8EB-42A4-B62E-96F5D350CAE0}.Debug|Any CPU.Build.0 = Debug|Any CPU
		{52BF85F7-F8EB-42A4-B62E-96F5D350CAE0}.Release|Any CPU.ActiveCfg = Release|Any CPU
		{52BF85F7-F8EB-42A4-B62E-96F5D350CAE0}.Release|Any CPU.Build.0 = Release|Any CPU
	EndGlobalSection
	GlobalSection(SolutionProperties) = preSolution
		HideSolutionNode = FALSE
	EndGlobalSection
	GlobalSection(ExtensibilityGlobals) = postSolution
		SolutionGuid = {45BC90E0-E0B1-457C-9B15-B5D428D0CF50}
	EndGlobalSection
EndGlobal
